
Microsoft Visual Studio Solution File, Format Version 12.00
# Visual Studio 2013
VisualStudioVersion = 12.0.31101.0
MinimumVisualStudioVersion = 10.0.40219.1
Project("{FAE04EC0-301F-11D3-BF4B-00C04F79EFBC}") = "lab_1", "lab_1\lab_1.csproj", "{2112DBED-EF60-44A1-BDD5-07BF639DEC75}"
EndProject
Project("{2150E333-8FDC-42A3-9474-1A3956D46DE8}") = ".nuget", ".nuget", "{548A0DA1-99D6-4DDC-A218-26840B0C9946}"
	ProjectSection(SolutionItems) = preProject
		.nuget\packages.config = .nuget\packages.config
	EndProjectSection
EndProject
Global
	GlobalSection(SolutionConfigurationPlatforms) = preSolution
		Debug|Any CPU = Debug|Any CPU
		Release|Any CPU = Release|Any CPU
	EndGlobalSection
	GlobalSection(ProjectConfigurationPlatforms) = postSolution
		{2112DBED-EF60-44A1-BDD5-07BF639DEC75}.Debug|Any CPU.ActiveCfg = Debug|Any CPU
		{2112DBED-EF60-44A1-BDD5-07BF639DEC75}.Debug|Any CPU.Build.0 = Debug|Any CPU
		{2112DBED-EF60-44A1-BDD5-07BF639DEC75}.Release|Any CPU.ActiveCfg = Release|Any CPU
		{2112DBED-EF60-44A1-BDD5-07BF639DEC75}.Release|Any CPU.Build.0 = Release|Any CPU
	EndGlobalSection
	GlobalSection(SolutionProperties) = preSolution
		HideSolutionNode = FALSE
	EndGlobalSection
EndGlobal
